// !$*UTF8*$!
{
	archiveVersion = 1;
	classes = {
	};
	objectVersion = 77;
	objects = {

/* Begin PBXBuildFile section */
		3A28871F2DA2C4700070FFBE /* File.txt in Resources */ = {isa = PBXBuildFile; fileRef = 3A28871E2DA2C4700070FFBE /* File.txt */; };
/* End PBXBuildFile section */

/* Begin PBXContainerItemProxy section */
		3A73793C2D6F36EA0075C1D9 /* PBXContainerItemProxy */ = {
			isa = PBXContainerItemProxy;
			containerPortal = 3A7379222D6F36E60075C1D9 /* Project object */;
			proxyType = 1;
			remoteGlobalIDString = 3A7379292D6F36E70075C1D9;
			remoteInfo = Flags.World;
		};
		3A7379462D6F36EA0075C1D9 /* PBXContainerItemProxy */ = {
			isa = PBXContainerItemProxy;
			containerPortal = 3A7379222D6F36E60075C1D9 /* Project object */;
			proxyType = 1;
			remoteGlobalIDString = 3A7379292D6F36E70075C1D9;
			remoteInfo = Flags.World;
		};
/* End PBXContainerItemProxy section */

/* Begin PBXFileReference section */
		3A28871E2DA2C4700070FFBE /* File.txt */ = {isa = PBXFileReference; lastKnownFileType = text; path = File.txt; sourceTree = "<group>"; };
		3A73792A2D6F36E70075C1D9 /* World Arena. Flags.app */ = {isa = PBXFileReference; explicitFileType = wrapper.application; includeInIndex = 0; path = "World Arena. Flags.app"; sourceTree = BUILT_PRODUCTS_DIR; };
		3A73793B2D6F36EA0075C1D9 /* World Arena. FlagsTests.xctest */ = {isa = PBXFileReference; explicitFileType = wrapper.cfbundle; includeInIndex = 0; path = "World Arena. FlagsTests.xctest"; sourceTree = BUILT_PRODUCTS_DIR; };
		3A7379452D6F36EA0075C1D9 /* World Arena. FlagsUITests.xctest */ = {isa = PBXFileReference; explicitFileType = wrapper.cfbundle; includeInIndex = 0; path = "World Arena. FlagsUITests.xctest"; sourceTree = BUILT_PRODUCTS_DIR; };
/* End PBXFileReference section */

/* Begin PBXFileSystemSynchronizedRootGroup section */
		3A73792C2D6F36E70075C1D9 /* World Arena. Flags */ = {
			isa = PBXFileSystemSynchronizedRootGroup;
			path = "World Arena. Flags";
			sourceTree = "<group>";
		};
		3A73793E2D6F36EA0075C1D9 /* Flags.WorldTests */ = {
			isa = PBXFileSystemSynchronizedRootGroup;
			path = Flags.WorldTests;
			sourceTree = "<group>";
		};
		3A7379482D6F36EA0075C1D9 /* Flags.WorldUITests */ = {
			isa = PBXFileSystemSynchronizedRootGroup;
			path = Flags.WorldUITests;
			sourceTree = "<group>";
		};
/* End PBXFileSystemSynchronizedRootGroup section */

/* Begin PBXFrameworksBuildPhase section */
		3A7379272D6F36E70075C1D9 /* Frameworks */ = {
			isa = PBXFrameworksBuildPhase;
			buildActionMask = 2147483647;
			files = (
			);
			runOnlyForDeploymentPostprocessing = 0;
		};
		3A7379382D6F36EA0075C1D9 /* Frameworks */ = {
			isa = PBXFrameworksBuildPhase;
			buildActionMask = 2147483647;
			files = (
			);
			runOnlyForDeploymentPostprocessing = 0;
		};
		3A7379422D6F36EA0075C1D9 /* Frameworks */ = {
			isa = PBXFrameworksBuildPhase;
			buildActionMask = 2147483647;
			files = (
			);
			runOnlyForDeploymentPostprocessing = 0;
		};
/* End PBXFrameworksBuildPhase section */

/* Begin PBXGroup section */
		3A7379212D6F36E60075C1D9 = {
			isa = PBXGroup;
			children = (
				3A73792C2D6F36E70075C1D9 /* World Arena. Flags */,
				3A73793E2D6F36EA0075C1D9 /* Flags.WorldTests */,
				3A7379482D6F36EA0075C1D9 /* Flags.WorldUITests */,
				3A73792B2D6F36E70075C1D9 /* Products */,
				3A28871E2DA2C4700070FFBE /* File.txt */,
			);
			sourceTree = "<group>";
		};
		3A73792B2D6F36E70075C1D9 /* Products */ = {
			isa = PBXGroup;
			children = (
				3A73792A2D6F36E70075C1D9 /* World Arena. Flags.app */,
				3A73793B2D6F36EA0075C1D9 /* World Arena. FlagsTests.xctest */,
				3A7379452D6F36EA0075C1D9 /* World Arena. FlagsUITests.xctest */,
			);
			name = Products;
			sourceTree = "<group>";
		};
/* End PBXGroup section */

/* Begin PBXNativeTarget section */
		3A7379292D6F36E70075C1D9 /* World Arena. Flags */ = {
			isa = PBXNativeTarget;
			buildConfigurationList = 3A73794F2D6F36EA0075C1D9 /* Build configuration list for PBXNativeTarget "World Arena. Flags" */;
			buildPhases = (
				3A7379262D6F36E70075C1D9 /* Sources */,
				3A7379272D6F36E70075C1D9 /* Frameworks */,
				3A7379282D6F36E70075C1D9 /* Resources */,
			);
			buildRules = (
			);
			dependencies = (
			);
			fileSystemSynchronizedGroups = (
				3A73792C2D6F36E70075C1D9 /* World Arena. Flags */,
			);
			name = "World Arena. Flags";
			packageProductDependencies = (
			);
			productName = Flags.World;
			productReference = 3A73792A2D6F36E70075C1D9 /* World Arena. Flags.app */;
			productType = "com.apple.product-type.application";
		};
		3A73793A2D6F36EA0075C1D9 /* World Arena. FlagsTests */ = {
			isa = PBXNativeTarget;
			buildConfigurationList = 3A7379522D6F36EA0075C1D9 /* Build configuration list for PBXNativeTarget "World Arena. FlagsTests" */;
			buildPhases = (
				3A7379372D6F36EA0075C1D9 /* Sources */,
				3A7379382D6F36EA0075C1D9 /* Frameworks */,
				3A7379392D6F36EA0075C1D9 /* Resources */,
			);
			buildRules = (
			);
			dependencies = (
				3A73793D2D6F36EA0075C1D9 /* PBXTargetDependency */,
			);
			fileSystemSynchronizedGroups = (
				3A73793E2D6F36EA0075C1D9 /* Flags.WorldTests */,
			);
			name = "World Arena. FlagsTests";
			packageProductDependencies = (
			);
			productName = Flags.WorldTests;
			productReference = 3A73793B2D6F36EA0075C1D9 /* World Arena. FlagsTests.xctest */;
			productType = "com.apple.product-type.bundle.unit-test";
		};
		3A7379442D6F36EA0075C1D9 /* World Arena. FlagsUITests */ = {
			isa = PBXNativeTarget;
			buildConfigurationList = 3A7379552D6F36EA0075C1D9 /* Build configuration list for PBXNativeTarget "World Arena. FlagsUITests" */;
			buildPhases = (
				3A7379412D6F36EA0075C1D9 /* Sources */,
				3A7379422D6F36EA0075C1D9 /* Frameworks */,
				3A7379432D6F36EA0075C1D9 /* Resources */,
			);
			buildRules = (
			);
			dependencies = (
				3A7379472D6F36EA0075C1D9 /* PBXTargetDependency */,
			);
			fileSystemSynchronizedGroups = (
				3A7379482D6F36EA0075C1D9 /* Flags.WorldUITests */,
			);
			name = "World Arena. FlagsUITests";
			packageProductDependencies = (
			);
			productName = Flags.WorldUITests;
			productReference = 3A7379452D6F36EA0075C1D9 /* World Arena. FlagsUITests.xctest */;
			productType = "com.apple.product-type.bundle.ui-testing";
		};
/* End PBXNativeTarget section */

/* Begin PBXProject section */
		3A7379222D6F36E60075C1D9 /* Project object */ = {
			isa = PBXProject;
			attributes = {
				BuildIndependentTargetsInParallel = 1;
				LastSwiftUpdateCheck = 1620;
				LastUpgradeCheck = 2600;
				TargetAttributes = {
					3A7379292D6F36E70075C1D9 = {
						CreatedOnToolsVersion = 16.2;
					};
					3A73793A2D6F36EA0075C1D9 = {
						CreatedOnToolsVersion = 16.2;
						TestTargetID = 3A7379292D6F36E70075C1D9;
					};
					3A7379442D6F36EA0075C1D9 = {
						CreatedOnToolsVersion = 16.2;
						TestTargetID = 3A7379292D6F36E70075C1D9;
					};
				};
			};
			buildConfigurationList = 3A7379252D6F36E60075C1D9 /* Build configuration list for PBXProject "World Arena. Flags" */;
			developmentRegion = en;
			hasScannedForEncodings = 0;
			knownRegions = (
				en,
				Base,
				ru,
				uk,
				es,
				ca,
				zh,
			);
			mainGroup = 3A7379212D6F36E60075C1D9;
			minimizedProjectReferenceProxies = 1;
			preferredProjectObjectVersion = 77;
			productRefGroup = 3A73792B2D6F36E70075C1D9 /* Products */;
			projectDirPath = "";
			projectRoot = "";
			targets = (
				3A7379292D6F36E70075C1D9 /* World Arena. Flags */,
				3A73793A2D6F36EA0075C1D9 /* World Arena. FlagsTests */,
				3A7379442D6F36EA0075C1D9 /* World Arena. FlagsUITests */,
			);
		};
/* End PBXProject section */

/* Begin PBXResourcesBuildPhase section */
		3A7379282D6F36E70075C1D9 /* Resources */ = {
			isa = PBXResourcesBuildPhase;
			buildActionMask = 2147483647;
			files = (
				3A28871F2DA2C4700070FFBE /* File.txt in Resources */,
			);
			runOnlyForDeploymentPostprocessing = 0;
		};
		3A7379392D6F36EA0075C1D9 /* Resources */ = {
			isa = PBXResourcesBuildPhase;
			buildActionMask = 2147483647;
			files = (
			);
			runOnlyForDeploymentPostprocessing = 0;
		};
		3A7379432D6F36EA0075C1D9 /* Resources */ = {
			isa = PBXResourcesBuildPhase;
			buildActionMask = 2147483647;
			files = (
			);
			runOnlyForDeploymentPostprocessing = 0;
		};
/* End PBXResourcesBuildPhase section */

/* Begin PBXSourcesBuildPhase section */
		3A7379262D6F36E70075C1D9 /* Sources */ = {
			isa = PBXSourcesBuildPhase;
			buildActionMask = 2147483647;
			files = (
			);
			runOnlyForDeploymentPostprocessing = 0;
		};
		3A7379372D6F36EA0075C1D9 /* Sources */ = {
			isa = PBXSourcesBuildPhase;
			buildActionMask = 2147483647;
			files = (
			);
			runOnlyForDeploymentPostprocessing = 0;
		};
		3A7379412D6F36EA0075C1D9 /* Sources */ = {
			isa = PBXSourcesBuildPhase;
			buildActionMask = 2147483647;
			files = (
			);
			runOnlyForDeploymentPostprocessing = 0;
		};
/* End PBXSourcesBuildPhase section */

/* Begin PBXTargetDependency section */
		3A73793D2D6F36EA0075C1D9 /* PBXTargetDependency */ = {
			isa = PBXTargetDependency;
			target = 3A7379292D6F36E70075C1D9 /* World Arena. Flags */;
			targetProxy = 3A73793C2D6F36EA0075C1D9 /* PBXContainerItemProxy */;
		};
		3A7379472D6F36EA0075C1D9 /* PBXTargetDependency */ = {
			isa = PBXTargetDependency;
			target = 3A7379292D6F36E70075C1D9 /* World Arena. Flags */;
			targetProxy = 3A7379462D6F36EA0075C1D9 /* PBXContainerItemProxy */;
		};
/* End PBXTargetDependency section */

/* Begin XCBuildConfiguration section */
		3A73794D2D6F36EA0075C1D9 /* Debug */ = {
			isa = XCBuildConfiguration;
			buildSettings = {
				ALWAYS_SEARCH_USER_PATHS = NO;
				ASSETCATALOG_COMPILER_GENERATE_SWIFT_ASSET_SYMBOL_EXTENSIONS = YES;
				CLANG_ANALYZER_LOCALIZABILITY_NONLOCALIZED = YES;
				CLANG_ANALYZER_NONNULL = YES;
				CLANG_ANALYZER_NUMBER_OBJECT_CONVERSION = YES_AGGRESSIVE;
				CLANG_CXX_LANGUAGE_STANDARD = "gnu++20";
				CLANG_ENABLE_MODULES = YES;
				CLANG_ENABLE_OBJC_ARC = YES;
				CLANG_ENABLE_OBJC_WEAK = YES;
				CLANG_WARN_BLOCK_CAPTURE_AUTORELEASING = YES;
				CLANG_WARN_BOOL_CONVERSION = YES;
				CLANG_WARN_COMMA = YES;
				CLANG_WARN_CONSTANT_CONVERSION = YES;
				CLANG_WARN_DEPRECATED_OBJC_IMPLEMENTATIONS = YES;
				CLANG_WARN_DIRECT_OBJC_ISA_USAGE = YES_ERROR;
				CLANG_WARN_DOCUMENTATION_COMMENTS = YES;
				CLANG_WARN_EMPTY_BODY = YES;
				CLANG_WARN_ENUM_CONVERSION = YES;
				CLANG_WARN_INFINITE_RECURSION = YES;
				CLANG_WARN_INT_CONVERSION = YES;
				CLANG_WARN_NON_LITERAL_NULL_CONVERSION = YES;
				CLANG_WARN_OBJC_IMPLICIT_RETAIN_SELF = YES;
				CLANG_WARN_OBJC_LITERAL_CONVERSION = YES;
				CLANG_WARN_OBJC_ROOT_CLASS = YES_ERROR;
				CLANG_WARN_QUOTED_INCLUDE_IN_FRAMEWORK_HEADER = YES;
				CLANG_WARN_RANGE_LOOP_ANALYSIS = YES;
				CLANG_WARN_STRICT_PROTOTYPES = YES;
				CLANG_WARN_SUSPICIOUS_MOVE = YES;
				CLANG_WARN_UNGUARDED_AVAILABILITY = YES_AGGRESSIVE;
				CLANG_WARN_UNREACHABLE_CODE = YES;
				CLANG_WARN__DUPLICATE_METHOD_MATCH = YES;
				COPY_PHASE_STRIP = NO;
				DEAD_CODE_STRIPPING = YES;
				DEBUG_INFORMATION_FORMAT = dwarf;
				DEVELOPMENT_TEAM = 8QK64BF264;
				ENABLE_STRICT_OBJC_MSGSEND = YES;
				ENABLE_TESTABILITY = YES;
				ENABLE_USER_SCRIPT_SANDBOXING = YES;
				GCC_C_LANGUAGE_STANDARD = gnu17;
				GCC_DYNAMIC_NO_PIC = NO;
				GCC_NO_COMMON_BLOCKS = YES;
				GCC_OPTIMIZATION_LEVEL = 0;
				GCC_PREPROCESSOR_DEFINITIONS = (
					"DEBUG=1",
					"$(inherited)",
				);
				GCC_WARN_64_TO_32_BIT_CONVERSION = YES;
				GCC_WARN_ABOUT_RETURN_TYPE = YES_ERROR;
				GCC_WARN_UNDECLARED_SELECTOR = YES;
				GCC_WARN_UNINITIALIZED_AUTOS = YES_AGGRESSIVE;
				GCC_WARN_UNUSED_FUNCTION = YES;
				GCC_WARN_UNUSED_VARIABLE = YES;
				LOCALIZATION_PREFERS_STRING_CATALOGS = YES;
				MTL_ENABLE_DEBUG_INFO = INCLUDE_SOURCE;
				MTL_FAST_MATH = YES;
				ONLY_ACTIVE_ARCH = YES;
				SDKROOT = iphoneos;
				SUPPORTED_PLATFORMS = "iphonesimulator iphoneos";
				SWIFT_ACTIVE_COMPILATION_CONDITIONS = "DEBUG $(inherited)";
				SWIFT_OPTIMIZATION_LEVEL = "-Onone";
			};
			name = Debug;
		};
		3A73794E2D6F36EA0075C1D9 /* Release */ = {
			isa = XCBuildConfiguration;
			buildSettings = {
				ALWAYS_SEARCH_USER_PATHS = NO;
				ASSETCATALOG_COMPILER_GENERATE_SWIFT_ASSET_SYMBOL_EXTENSIONS = YES;
				CLANG_ANALYZER_LOCALIZABILITY_NONLOCALIZED = YES;
				CLANG_ANALYZER_NONNULL = YES;
				CLANG_ANALYZER_NUMBER_OBJECT_CONVERSION = YES_AGGRESSIVE;
				CLANG_CXX_LANGUAGE_STANDARD = "gnu++20";
				CLANG_ENABLE_MODULES = YES;
				CLANG_ENABLE_OBJC_ARC = YES;
				CLANG_ENABLE_OBJC_WEAK = YES;
				CLANG_WARN_BLOCK_CAPTURE_AUTORELEASING = YES;
				CLANG_WARN_BOOL_CONVERSION = YES;
				CLANG_WARN_COMMA = YES;
				CLANG_WARN_CONSTANT_CONVERSION = YES;
				CLANG_WARN_DEPRECATED_OBJC_IMPLEMENTATIONS = YES;
				CLANG_WARN_DIRECT_OBJC_ISA_USAGE = YES_ERROR;
				CLANG_WARN_DOCUMENTATION_COMMENTS = YES;
				CLANG_WARN_EMPTY_BODY = YES;
				CLANG_WARN_ENUM_CONVERSION = YES;
				CLANG_WARN_INFINITE_RECURSION = YES;
				CLANG_WARN_INT_CONVERSION = YES;
				CLANG_WARN_NON_LITERAL_NULL_CONVERSION = YES;
				CLANG_WARN_OBJC_IMPLICIT_RETAIN_SELF = YES;
				CLANG_WARN_OBJC_LITERAL_CONVERSION = YES;
				CLANG_WARN_OBJC_ROOT_CLASS = YES_ERROR;
				CLANG_WARN_QUOTED_INCLUDE_IN_FRAMEWORK_HEADER = YES;
				CLANG_WARN_RANGE_LOOP_ANALYSIS = YES;
				CLANG_WARN_STRICT_PROTOTYPES = YES;
				CLANG_WARN_SUSPICIOUS_MOVE = YES;
				CLANG_WARN_UNGUARDED_AVAILABILITY = YES_AGGRESSIVE;
				CLANG_WARN_UNREACHABLE_CODE = YES;
				CLANG_WARN__DUPLICATE_METHOD_MATCH = YES;
				COPY_PHASE_STRIP = NO;
				DEAD_CODE_STRIPPING = YES;
				DEBUG_INFORMATION_FORMAT = "dwarf-with-dsym";
				DEVELOPMENT_TEAM = 8QK64BF264;
				ENABLE_NS_ASSERTIONS = NO;
				ENABLE_STRICT_OBJC_MSGSEND = YES;
				ENABLE_USER_SCRIPT_SANDBOXING = YES;
				GCC_C_LANGUAGE_STANDARD = gnu17;
				GCC_NO_COMMON_BLOCKS = YES;
				GCC_WARN_64_TO_32_BIT_CONVERSION = YES;
				GCC_WARN_ABOUT_RETURN_TYPE = YES_ERROR;
				GCC_WARN_UNDECLARED_SELECTOR = YES;
				GCC_WARN_UNINITIALIZED_AUTOS = YES_AGGRESSIVE;
				GCC_WARN_UNUSED_FUNCTION = YES;
				GCC_WARN_UNUSED_VARIABLE = YES;
				LOCALIZATION_PREFERS_STRING_CATALOGS = YES;
				MTL_ENABLE_DEBUG_INFO = NO;
				MTL_FAST_MATH = YES;
				SDKROOT = iphoneos;
				SUPPORTED_PLATFORMS = "iphonesimulator iphoneos";
				SWIFT_COMPILATION_MODE = wholemodule;
			};
			name = Release;
		};
		3A7379502D6F36EA0075C1D9 /* Debug */ = {
			isa = XCBuildConfiguration;
			buildSettings = {
				ASSETCATALOG_COMPILER_APPICON_NAME = AppIcon;
				ASSETCATALOG_COMPILER_GLOBAL_ACCENT_COLOR_NAME = AccentColor;
				CODE_SIGN_ENTITLEMENTS = "World Arena. Flags/World_Arena_Flags.entitlements";
				CODE_SIGN_IDENTITY = "Apple Development";
				"CODE_SIGN_IDENTITY[sdk=macosx*]" = "Apple Development";
				CODE_SIGN_STYLE = Automatic;
				CURRENT_PROJECT_VERSION = 19;
				DEAD_CODE_STRIPPING = YES;
				DEVELOPMENT_ASSET_PATHS = "\"World Arena. Flags/Preview Content\"";
				DEVELOPMENT_TEAM = 8QK64BF264;
				ENABLE_HARDENED_RUNTIME = YES;
				ENABLE_PREVIEWS = YES;
				GENERATE_INFOPLIST_FILE = YES;
				INFOPLIST_KEY_CFBundleDisplayName = "Flags Quiz";
				INFOPLIST_KEY_LSApplicationCategoryType = "public.app-category.educational-games";
				"INFOPLIST_KEY_UIApplicationSceneManifest_Generation[sdk=iphoneos*]" = YES;
				"INFOPLIST_KEY_UIApplicationSceneManifest_Generation[sdk=iphonesimulator*]" = YES;
				"INFOPLIST_KEY_UIApplicationSupportsIndirectInputEvents[sdk=iphoneos*]" = YES;
				"INFOPLIST_KEY_UIApplicationSupportsIndirectInputEvents[sdk=iphonesimulator*]" = YES;
				"INFOPLIST_KEY_UILaunchScreen_Generation[sdk=iphoneos*]" = YES;
				"INFOPLIST_KEY_UILaunchScreen_Generation[sdk=iphonesimulator*]" = YES;
				"INFOPLIST_KEY_UIStatusBarStyle[sdk=iphoneos*]" = UIStatusBarStyleDefault;
				"INFOPLIST_KEY_UIStatusBarStyle[sdk=iphonesimulator*]" = UIStatusBarStyleDefault;
				INFOPLIST_KEY_UISupportedInterfaceOrientations = UIInterfaceOrientationPortrait;
				INFOPLIST_KEY_UISupportedInterfaceOrientations_iPad = "UIInterfaceOrientationLandscapeLeft UIInterfaceOrientationLandscapeRight UIInterfaceOrientationPortrait UIInterfaceOrientationPortraitUpsideDown";
				IPHONEOS_DEPLOYMENT_TARGET = 15.6;
				LD_RUNPATH_SEARCH_PATHS = "@executable_path/Frameworks";
				"LD_RUNPATH_SEARCH_PATHS[sdk=macosx*]" = "@executable_path/../Frameworks";
				MACOSX_DEPLOYMENT_TARGET = 12.4;
				MARKETING_VERSION = 1.99;
				PRODUCT_BUNDLE_IDENTIFIER = Kaustralis.WorldArena.Flags;
				"PRODUCT_BUNDLE_IDENTIFIER[sdk=iphoneos*]" = "World-Arena.-Flags";
				PRODUCT_NAME = "$(TARGET_NAME)";
				PROVISIONING_PROFILE_SPECIFIER = "";
				SDKROOT = auto;
				SUPPORTED_PLATFORMS = "iphoneos iphonesimulator macosx";
				SUPPORTS_MACCATALYST = NO;
				SWIFT_EMIT_LOC_STRINGS = YES;
				SWIFT_VERSION = 5.0;
				TARGETED_DEVICE_FAMILY = "1,2";
				XROS_DEPLOYMENT_TARGET = 1.3;
			};
			name = Debug;
		};
		3A7379512D6F36EA0075C1D9 /* Release */ = {
			isa = XCBuildConfiguration;
			buildSettings = {
				ASSETCATALOG_COMPILER_APPICON_NAME = AppIcon;
				ASSETCATALOG_COMPILER_GLOBAL_ACCENT_COLOR_NAME = AccentColor;
				CODE_SIGN_ENTITLEMENTS = "World Arena. Flags/World_Arena_Flags.entitlements";
				CODE_SIGN_IDENTITY = "Apple Development";
				"CODE_SIGN_IDENTITY[sdk=macosx*]" = "Apple Development";
				CODE_SIGN_STYLE = Automatic;
				CURRENT_PROJECT_VERSION = 19;
				DEAD_CODE_STRIPPING = YES;
				DEVELOPMENT_ASSET_PATHS = "\"World Arena. Flags/Preview Content\"";
				DEVELOPMENT_TEAM = 8QK64BF264;
				ENABLE_HARDENED_RUNTIME = YES;
				ENABLE_PREVIEWS = YES;
				GENERATE_INFOPLIST_FILE = YES;
				INFOPLIST_KEY_CFBundleDisplayName = "Flags Quiz";
				INFOPLIST_KEY_LSApplicationCategoryType = "public.app-category.educational-games";
				"INFOPLIST_KEY_UIApplicationSceneManifest_Generation[sdk=iphoneos*]" = YES;
				"INFOPLIST_KEY_UIApplicationSceneManifest_Generation[sdk=iphonesimulator*]" = YES;
				"INFOPLIST_KEY_UIApplicationSupportsIndirectInputEvents[sdk=iphoneos*]" = YES;
				"INFOPLIST_KEY_UIApplicationSupportsIndirectInputEvents[sdk=iphonesimulator*]" = YES;
				"INFOPLIST_KEY_UILaunchScreen_Generation[sdk=iphoneos*]" = YES;
				"INFOPLIST_KEY_UILaunchScreen_Generation[sdk=iphonesimulator*]" = YES;
				"INFOPLIST_KEY_UIStatusBarStyle[sdk=iphoneos*]" = UIStatusBarStyleDefault;
				"INFOPLIST_KEY_UIStatusBarStyle[sdk=iphonesimulator*]" = UIStatusBarStyleDefault;
				INFOPLIST_KEY_UISupportedInterfaceOrientations = UIInterfaceOrientationPortrait;
				INFOPLIST_KEY_UISupportedInterfaceOrientations_iPad = "UIInterfaceOrientationLandscapeLeft UIInterfaceOrientationLandscapeRight UIInterfaceOrientationPortrait UIInterfaceOrientationPortraitUpsideDown";
				IPHONEOS_DEPLOYMENT_TARGET = 15.6;
				LD_RUNPATH_SEARCH_PATHS = "@executable_path/Frameworks";
				"LD_RUNPATH_SEARCH_PATHS[sdk=macosx*]" = "@executable_path/../Frameworks";
				MACOSX_DEPLOYMENT_TARGET = 12.4;
				MARKETING_VERSION = 1.99;
				PRODUCT_BUNDLE_IDENTIFIER = Kaustralis.WorldArena.Flags;
				"PRODUCT_BUNDLE_IDENTIFIER[sdk=iphoneos*]" = "World-Arena.-Flags";
				PRODUCT_NAME = "$(TARGET_NAME)";
				PROVISIONING_PROFILE_SPECIFIER = "";
				SDKROOT = auto;
				SUPPORTED_PLATFORMS = "iphoneos iphonesimulator macosx";
				SUPPORTS_MACCATALYST = NO;
				SWIFT_EMIT_LOC_STRINGS = YES;
				SWIFT_VERSION = 5.0;
				TARGETED_DEVICE_FAMILY = "1,2";
				XROS_DEPLOYMENT_TARGET = 1.3;
			};
			name = Release;
		};
		3A7379532D6F36EA0075C1D9 /* Debug */ = {
			isa = XCBuildConfiguration;
			buildSettings = {
				BUNDLE_LOADER = "$(TEST_HOST)";
				CODE_SIGN_STYLE = Automatic;
				CURRENT_PROJECT_VERSION = 1;
				DEAD_CODE_STRIPPING = YES;
				GENERATE_INFOPLIST_FILE = YES;
				INFOPLIST_EXPAND_BUILD_SETTINGS = NO;
				IPHONEOS_DEPLOYMENT_TARGET = 18.2;
				MACOSX_DEPLOYMENT_TARGET = 15.1;
				MARKETING_VERSION = 1.0;
				PRODUCT_BUNDLE_IDENTIFIER = "Kaustralis.Flags-WorldTests";
				PRODUCT_NAME = "$(TARGET_NAME)";
				SDKROOT = auto;
				STRINGS_FILE_INFOPLIST_RENAME = NO;
				SUPPORTED_PLATFORMS = "iphoneos iphonesimulator macosx xros xrsimulator";
				SWIFT_EMIT_LOC_STRINGS = YES;
				SWIFT_VERSION = 5.0;
				TARGETED_DEVICE_FAMILY = "1,2,7";
				TEST_HOST = "$(BUILT_PRODUCTS_DIR)/World Arena. Flags.app/$(BUNDLE_EXECUTABLE_FOLDER_PATH)/World Arena. Flags";
				XROS_DEPLOYMENT_TARGET = 2.2;
			};
			name = Debug;
		};
		3A7379542D6F36EA0075C1D9 /* Release */ = {
			isa = XCBuildConfiguration;
			buildSettings = {
				BUNDLE_LOADER = "$(TEST_HOST)";
				CODE_SIGN_STYLE = Automatic;
				CURRENT_PROJECT_VERSION = 1;
				DEAD_CODE_STRIPPING = YES;
				GENERATE_INFOPLIST_FILE = YES;
				INFOPLIST_EXPAND_BUILD_SETTINGS = NO;
				IPHONEOS_DEPLOYMENT_TARGET = 18.2;
				MACOSX_DEPLOYMENT_TARGET = 15.1;
				MARKETING_VERSION = 1.0;
				PRODUCT_BUNDLE_IDENTIFIER = "Kaustralis.Flags-WorldTests";
				PRODUCT_NAME = "$(TARGET_NAME)";
				SDKROOT = auto;
				STRINGS_FILE_INFOPLIST_RENAME = NO;
				SUPPORTED_PLATFORMS = "iphoneos iphonesimulator macosx xros xrsimulator";
				SWIFT_EMIT_LOC_STRINGS = YES;
				SWIFT_VERSION = 5.0;
				TARGETED_DEVICE_FAMILY = "1,2,7";
				TEST_HOST = "$(BUILT_PRODUCTS_DIR)/World Arena. Flags.app/$(BUNDLE_EXECUTABLE_FOLDER_PATH)/World Arena. Flags";
				XROS_DEPLOYMENT_TARGET = 2.2;
			};
			name = Release;
		};
		3A7379562D6F36EA0075C1D9 /* Debug */ = {
			isa = XCBuildConfiguration;
			buildSettings = {
				CODE_SIGN_STYLE = Automatic;
				CURRENT_PROJECT_VERSION = 1;
				DEAD_CODE_STRIPPING = YES;
				GENERATE_INFOPLIST_FILE = YES;
				INFOPLIST_EXPAND_BUILD_SETTINGS = NO;
				IPHONEOS_DEPLOYMENT_TARGET = 18.2;
				MACOSX_DEPLOYMENT_TARGET = 15.1;
				MARKETING_VERSION = 1.0;
				PRODUCT_BUNDLE_IDENTIFIER = "Kaustralis.Flags-WorldUITests";
				PRODUCT_NAME = "$(TARGET_NAME)";
				SDKROOT = auto;
				STRINGS_FILE_INFOPLIST_RENAME = NO;
				SUPPORTED_PLATFORMS = "iphoneos iphonesimulator macosx xros xrsimulator";
				SWIFT_EMIT_LOC_STRINGS = NO;
				SWIFT_VERSION = 5.0;
				TARGETED_DEVICE_FAMILY = "1,2,7";
				TEST_TARGET_NAME = Flags.World;
				XROS_DEPLOYMENT_TARGET = 2.2;
			};
			name = Debug;
		};
		3A7379572D6F36EA0075C1D9 /* Release */ = {
			isa = XCBuildConfiguration;
			buildSettings = {
				CODE_SIGN_STYLE = Automatic;
				CURRENT_PROJECT_VERSION = 1;
				DEAD_CODE_STRIPPING = YES;
				GENERATE_INFOPLIST_FILE = YES;
				INFOPLIST_EXPAND_BUILD_SETTINGS = NO;
				IPHONEOS_DEPLOYMENT_TARGET = 18.2;
				MACOSX_DEPLOYMENT_TARGET = 15.1;
				MARKETING_VERSION = 1.0;
				PRODUCT_BUNDLE_IDENTIFIER = "Kaustralis.Flags-WorldUITests";
				PRODUCT_NAME = "$(TARGET_NAME)";
				SDKROOT = auto;
				STRINGS_FILE_INFOPLIST_RENAME = NO;
				SUPPORTED_PLATFORMS = "iphoneos iphonesimulator macosx xros xrsimulator";
				SWIFT_EMIT_LOC_STRINGS = NO;
				SWIFT_VERSION = 5.0;
				TARGETED_DEVICE_FAMILY = "1,2,7";
				TEST_TARGET_NAME = Flags.World;
				XROS_DEPLOYMENT_TARGET = 2.2;
			};
			name = Release;
		};
/* End XCBuildConfiguration section */

/* Begin XCConfigurationList section */
		3A7379252D6F36E60075C1D9 /* Build configuration list for PBXProject "World Arena. Flags" */ = {
			isa = XCConfigurationList;
			buildConfigurations = (
				3A73794D2D6F36EA0075C1D9 /* Debug */,
				3A73794E2D6F36EA0075C1D9 /* Release */,
			);
			defaultConfigurationIsVisible = 0;
			defaultConfigurationName = Release;
		};
		3A73794F2D6F36EA0075C1D9 /* Build configuration list for PBXNativeTarget "World Arena. Flags" */ = {
			isa = XCConfigurationList;
			buildConfigurations = (
				3A7379502D6F36EA0075C1D9 /* Debug */,
				3A7379512D6F36EA0075C1D9 /* Release */,
			);
			defaultConfigurationIsVisible = 0;
			defaultConfigurationName = Release;
		};
		3A7379522D6F36EA0075C1D9 /* Build configuration list for PBXNativeTarget "World Arena. FlagsTests" */ = {
			isa = XCConfigurationList;
			buildConfigurations = (
				3A7379532D6F36EA0075C1D9 /* Debug */,
				3A7379542D6F36EA0075C1D9 /* Release */,
			);
			defaultConfigurationIsVisible = 0;
			defaultConfigurationName = Release;
		};
		3A7379552D6F36EA0075C1D9 /* Build configuration list for PBXNativeTarget "World Arena. FlagsUITests" */ = {
			isa = XCConfigurationList;
			buildConfigurations = (
				3A7379562D6F36EA0075C1D9 /* Debug */,
				3A7379572D6F36EA0075C1D9 /* Release */,
			);
			defaultConfigurationIsVisible = 0;
			defaultConfigurationName = Release;
		};
/* End XCConfigurationList section */
	};
	rootObject = 3A7379222D6F36E60075C1D9 /* Project object */;
}
